
Microsoft Visual Studio Solution File, Format Version 12.00
# Visual Studio Version 16
VisualStudioVersion = 16.0.31410.223
MinimumVisualStudioVersion = 10.0.40219.1
Project("{FAE04EC0-301F-11D3-BF4B-00C04F79EFBC}") = "SimpleWorkingSchedualer", "SimpleWorkingSchedualer\SimpleWorkingSchedualer.csproj", "{D6AEBE39-DD88-43C3-988D-EF32D4FC9F3C}"
EndProject
Project("{FAE04EC0-301F-11D3-BF4B-00C04F79EFBC}") = "SimpleWorkingSchedualer.StorageModels", "SimpleWorkingSchedualer.StorageModels\SimpleWorkingSchedualer.StorageModels.csproj", "{619249BF-C47C-43AA-B476-4689113B43C3}"
EndProject
Project("{FAE04EC0-301F-11D3-BF4B-00C04F79EFBC}") = "SimpleWorkingSchedualer.DataAccessLayer", "SimpleWorkingSchedualer.DataAccessLayer\SimpleWorkingSchedualer.DataAccessLayer.csproj", "{CC3035D0-18F5-4CE2-9E04-D60D2A5D7D69}"
EndProject
Global
	GlobalSection(SolutionConfigurationPlatforms) = preSolution
		Debug|Any CPU = Debug|Any CPU
		Release|Any CPU = Release|Any CPU
	EndGlobalSection
	GlobalSection(ProjectConfigurationPlatforms) = postSolution
		{D6AEBE39-DD88-43C3-988D-EF32D4FC9F3C}.Debug|Any CPU.ActiveCfg = Debug|Any CPU
		{D6AEBE39-DD88-43C3-988D-EF32D4FC9F3C}.Debug|Any CPU.Build.0 = Debug|Any CPU
		{D6AEBE39-DD88-43C3-988D-EF32D4FC9F3C}.Release|Any CPU.ActiveCfg = Release|Any CPU
		{D6AEBE39-DD88-43C3-988D-EF32D4FC9F3C}.Release|Any CPU.Build.0 = Release|Any CPU
		{619249BF-C47C-43AA-B476-4689113B43C3}.Debug|Any CPU.ActiveCfg = Debug|Any CPU
		{619249BF-C47C-43AA-B476-4689113B43C3}.Debug|Any CPU.Build.0 = Debug|Any CPU
		{619249BF-C47C-43AA-B476-4689113B43C3}.Release|Any CPU.ActiveCfg = Release|Any CPU
		{619249BF-C47C-43AA-B476-4689113B43C3}.Release|Any CPU.Build.0 = Release|Any CPU
		{CC3035D0-18F5-4CE2-9E04-D60D2A5D7D69}.Debug|Any CPU.ActiveCfg = Debug|Any CPU
		{CC3035D0-18F5-4CE2-9E04-D60D2A5D7D69}.Debug|Any CPU.Build.0 = Debug|Any CPU
		{CC3035D0-18F5-4CE2-9E04-D60D2A5D7D69}.Release|Any CPU.ActiveCfg = Release|Any CPU
		{CC3035D0-18F5-4CE2-9E04-D60D2A5D7D69}.Release|Any CPU.Build.0 = Release|Any CPU
	EndGlobalSection
	GlobalSection(SolutionProperties) = preSolution
		HideSolutionNode = FALSE
	EndGlobalSection
	GlobalSection(ExtensibilityGlobals) = postSolution
		SolutionGuid = {70C6A66F-ADF6-4F86-889B-B7E9650AC658}
	EndGlobalSection
EndGlobal
